{
  "name": "sequential-adaptor-sqlite",
  "version": "1.0.0",
  "lockfileVersion": 3,
  "requires": true,
  "packages": {
    "": {
      "name": "sequential-adaptor-sqlite",
      "version": "1.0.0",
      "license": "MIT",
      "dependencies": {
        "sequential-adaptor": "^1.0.0",
        "sequential-logging": "^1.0.0",
        "sequential-storage-utils": "^1.0.0",
        "sequential-validators": "^1.0.0",
        "sql.js": "^1.10.2"
      },
      "engines": {
        "node": ">=18.0.0"
      },
      "peerDependencies": {
        "sequential-flow": "^1.0.0"
      }
    },
    "node_modules/sequential-adaptor": {
      "version": "1.0.7",
      "resolved": "https://registry.npmjs.org/sequential-adaptor/-/sequential-adaptor-1.0.7.tgz",
      "integrity": "sha512-nDxohTH5MXCy+/PbGMVSuPA64TiWNG5vvwtUPiUi+5wWU6RyF7Sjh3DnkY2ZWLWCFM7n0G/IFD5O9E08csCO4g==",
      "license": "MIT",
      "dependencies": {
        "sequential-logging": "^1.0.3",
        "sequential-storage-utils": "^1.0.1",
        "sequential-utils": "^1.0.0"
      },
      "engines": {
        "node": ">=18.0.0"
      },
      "peerDependencies": {
        "sequential-flow": "^1.0.0"
      }
    },
    "node_modules/sequential-fetch": {
      "version": "1.0.0",
      "resolved": "https://registry.npmjs.org/sequential-fetch/-/sequential-fetch-1.0.0.tgz",
      "integrity": "sha512-5wmilCmXQU3FjBWXBVEIJgPAcXggowW1wy91v74GHfWskg5wav+fCSOhUxDkBx0+jR4/jE8B5gEeOFCCVGs2oA==",
      "license": "MIT",
      "peer": true,
      "engines": {
        "node": ">=18.0.0"
      }
    },
    "node_modules/sequential-flow": {
      "version": "1.0.1",
      "resolved": "https://registry.npmjs.org/sequential-flow/-/sequential-flow-1.0.1.tgz",
      "integrity": "sha512-THJqc1X3FdPhTcy9UMDdjQVE/WYLeBewmYdNdRwYV81IjuzhSbF0d2o+YC6PA/uzFzlnMYkHWufQdzOxXg4k8A==",
      "license": "MIT",
      "peer": true,
      "dependencies": {
        "sequential-fetch": "^1.0.0",
        "sequential-utils": "^1.0.0"
      },
      "engines": {
        "deno": ">=1.40.0",
        "node": ">=18.0.0"
      },
      "peerDependencies": {
        "firebase-admin": "^11.0.0",
        "redis": "^4.0.0"
      },
      "peerDependenciesMeta": {
        "firebase-admin": {
          "optional": true
        },
        "redis": {
          "optional": true
        }
      }
    },
    "node_modules/sequential-logging": {
      "version": "1.0.3",
      "resolved": "https://registry.npmjs.org/sequential-logging/-/sequential-logging-1.0.3.tgz",
      "integrity": "sha512-uS7KqtQgKriGcbe5mkLS26WBazoaq79uE7PVWCGbEOXmhMaJXca5R4/XwBz+8pdGg1bNHw+orwjUZb7xJBBvuA==",
      "license": "MIT",
      "dependencies": {
        "sequential-utils": "^1.0.0"
      },
      "engines": {
        "node": ">=18.0.0"
      }
    },
    "node_modules/sequential-storage-utils": {
      "version": "1.0.1",
      "resolved": "https://registry.npmjs.org/sequential-storage-utils/-/sequential-storage-utils-1.0.1.tgz",
      "integrity": "sha512-GRwEIhbBaDkklcRdZtNHsRqUJnaP4/AZYOp/QbVeoXKznwQhWKdnZQTgc7MAS1z9EbVv51V/G8rUnKwtUjtsJw==",
      "license": "MIT",
      "engines": {
        "node": ">=18.0.0"
      }
    },
    "node_modules/sequential-utils": {
      "version": "1.0.0",
      "resolved": "https://registry.npmjs.org/sequential-utils/-/sequential-utils-1.0.0.tgz",
      "integrity": "sha512-UUXwzsjuMviBvNLQFNszqn2KMTI5LAFJBvwMo6vmLrj4NpunLyHkrKu69xAnGjZHvAKgX7RbdQyKRHqcwQV43g==",
      "license": "MIT",
      "engines": {
        "node": ">=18.0.0"
      }
    },
    "node_modules/sequential-validators": {
      "version": "1.0.0",
      "resolved": "https://registry.npmjs.org/sequential-validators/-/sequential-validators-1.0.0.tgz",
      "integrity": "sha512-ZJaQtkn1fC3EmwieKFVCKGq4d1LJS091BJ3yIL1I0EiVoG9s8IsiPCV6tCrFCH9e1ispcRHRtGIz/cnnC8irNQ==",
      "license": "MIT",
      "engines": {
        "node": ">=18.0.0"
      }
    },
    "node_modules/sql.js": {
      "version": "1.13.0",
      "resolved": "https://registry.npmjs.org/sql.js/-/sql.js-1.13.0.tgz",
      "integrity": "sha512-RJbVP1HRDlUUXahJ7VMTcu9Rm1Nzw+EBpoPr94vnbD4LwR715F3CcxE2G2k45PewcaZ57pjetYa+LoSJLAASgA==",
      "license": "MIT"
    }
  }
}
